// !$*UTF8*$!
{
	archiveVersion = 1;
	classes = {
	};
	objectVersion = 50;
	objects = {

/* Begin PBXBuildFile section */
		C1398DE1258F323800FE14BF /* memorize2App.swift in Sources */ = {isa = PBXBuildFile; fileRef = C1398DE0258F323800FE14BF /* memorize2App.swift */; };
		C1398DE3258F323800FE14BF /* EmojiMemoryGameView.swift in Sources */ = {isa = PBXBuildFile; fileRef = C1398DE2258F323800FE14BF /* EmojiMemoryGameView.swift */; };
		C1398DE5258F323C00FE14BF /* Assets.xcassets in Resources */ = {isa = PBXBuildFile; fileRef = C1398DE4258F323C00FE14BF /* Assets.xcassets */; };
		C1398DE8258F323C00FE14BF /* Preview Assets.xcassets in Resources */ = {isa = PBXBuildFile; fileRef = C1398DE7258F323C00FE14BF /* Preview Assets.xcassets */; };
		C17C9DF9258F38EE004ADF47 /* MemoryGame.swift in Sources */ = {isa = PBXBuildFile; fileRef = C17C9DF8258F38EE004ADF47 /* MemoryGame.swift */; };
		C17C9DFC258F39B6004ADF47 /* EmojiMemoryGame.swift in Sources */ = {isa = PBXBuildFile; fileRef = C17C9DFB258F39B6004ADF47 /* EmojiMemoryGame.swift */; };
/* End PBXBuildFile section */

/* Begin PBXFileReference section */
		C1398DDD258F323800FE14BF /* memorize2.app */ = {isa = PBXFileReference; explicitFileType = wrapper.application; includeInIndex = 0; path = memorize2.app; sourceTree = BUILT_PRODUCTS_DIR; };
		C1398DE0258F323800FE14BF /* memorize2App.swift */ = {isa = PBXFileReference; lastKnownFileType = sourcecode.swift; path = memorize2App.swift; sourceTree = "<group>"; };
		C1398DE2258F323800FE14BF /* EmojiMemoryGameView.swift */ = {isa = PBXFileReference; lastKnownFileType = sourcecode.swift; path = EmojiMemoryGameView.swift; sourceTree = "<group>"; };
		C1398DE4258F323C00FE14BF /* Assets.xcassets */ = {isa = PBXFileReference; lastKnownFileType = folder.assetcatalog; path = Assets.xcassets; sourceTree = "<group>"; };
		C1398DE7258F323C00FE14BF /* Preview Assets.xcassets */ = {isa = PBXFileReference; lastKnownFileType = folder.assetcatalog; path = "Preview Assets.xcassets"; sourceTree = "<group>"; };
		C1398DE9258F323C00FE14BF /* Info.plist */ = {isa = PBXFileReference; lastKnownFileType = text.plist.xml; path = Info.plist; sourceTree = "<group>"; };
		C17C9DF8258F38EE004ADF47 /* MemoryGame.swift */ = {isa = PBXFileReference; lastKnownFileType = sourcecode.swift; path = MemoryGame.swift; sourceTree = "<group>"; };
		C17C9DFB258F39B6004ADF47 /* EmojiMemoryGame.swift */ = {isa = PBXFileReference; lastKnownFileType = sourcecode.swift; path = EmojiMemoryGame.swift; sourceTree = "<group>"; };
/* End PBXFileReference section */

/* Begin PBXFrameworksBuildPhase section */
		C1398DDA258F323800FE14BF /* Frameworks */ = {
			isa = PBXFrameworksBuildPhase;
			buildActionMask = 2147483647;
			files = (
			);
			runOnlyForDeploymentPostprocessing = 0;
		};
/* End PBXFrameworksBuildPhase section */

/* Begin PBXGroup section */
		C1398DD4258F323800FE14BF = {
			isa = PBXGroup;
			children = (
				C1398DDF258F323800FE14BF /* memorize2 */,
				C1398DDE258F323800FE14BF /* Products */,
			);
			sourceTree = "<group>";
		};
		C1398DDE258F323800FE14BF /* Products */ = {
			isa = PBXGroup;
			children = (
				C1398DDD258F323800FE14BF /* memorize2.app */,
			);
			name = Products;
			sourceTree = "<group>";
		};
		C1398DDF258F323800FE14BF /* memorize2 */ = {
			isa = PBXGroup;
			children = (
				C1398DE0258F323800FE14BF /* memorize2App.swift */,
				C1398DE2258F323800FE14BF /* EmojiMemoryGameView.swift */,
				C1398DE4258F323C00FE14BF /* Assets.xcassets */,
				C1398DE9258F323C00FE14BF /* Info.plist */,
				C1398DE6258F323C00FE14BF /* Preview Content */,
				C17C9DF8258F38EE004ADF47 /* MemoryGame.swift */,
				C17C9DFB258F39B6004ADF47 /* EmojiMemoryGame.swift */,
			);
			path = memorize2;
			sourceTree = "<group>";
		};
		C1398DE6258F323C00FE14BF /* Preview Content */ = {
			isa = PBXGroup;
			children = (
				C1398DE7258F323C00FE14BF /* Preview Assets.xcassets */,
			);
			path = "Preview Content";
			sourceTree = "<group>";
		};
/* End PBXGroup section */

/* Begin PBXNativeTarget section */
		C1398DDC258F323800FE14BF /* memorize2 */ = {
			isa = PBXNativeTarget;
			buildConfigurationList = C1398DEC258F323C00FE14BF /* Build configuration list for PBXNativeTarget "memorize2" */;
			buildPhases = (
				C1398DD9258F323800FE14BF /* Sources */,
				C1398DDA258F323800FE14BF /* Frameworks */,
				C1398DDB258F323800FE14BF /* Resources */,
			);
			buildRules = (
			);
			dependencies = (
			);
			name = memorize2;
			productName = memorize2;
			productReference = C1398DDD258F323800FE14BF /* memorize2.app */;
			productType = "com.apple.product-type.application";
		};
/* End PBXNativeTarget section */

/* Begin PBXProject section */
		C1398DD5258F323800FE14BF /* Project object */ = {
			isa = PBXProject;
			attributes = {
				LastSwiftUpdateCheck = 1230;
				LastUpgradeCheck = 1230;
				TargetAttributes = {
					C1398DDC258F323800FE14BF = {
						CreatedOnToolsVersion = 12.3;
					};
				};
			};
			buildConfigurationList = C1398DD8258F323800FE14BF /* Build configuration list for PBXProject "memorize2" */;
			compatibilityVersion = "Xcode 9.3";
			developmentRegion = en;
			hasScannedForEncodings = 0;
			knownRegions = (
				en,
				Base,
			);
			mainGroup = C1398DD4258F323800FE14BF;
			productRefGroup = C1398DDE258F323800FE14BF /* Products */;
			projectDirPath = "";
			projectRoot = "";
			targets = (
				C1398DDC258F323800FE14BF /* memorize2 */,
			);
		};
/* End PBXProject section */

/* Begin PBXResourcesBuildPhase section */
		C1398DDB258F323800FE14BF /* Resources */ = {
			isa = PBXResourcesBuildPhase;
			buildActionMask = 2147483647;
			files = (
				C1398DE8258F323C00FE14BF /* Preview Assets.xcassets in Resources */,
				C1398DE5258F323C00FE14BF /* Assets.xcassets in Resources */,
			);
			runOnlyForDeploymentPostprocessing = 0;
		};
/* End PBXResourcesBuildPhase section */

/* Begin PBXSourcesBuildPhase section */
		C1398DD9258F323800FE14BF /* Sources */ = {
			isa = PBXSourcesBuildPhase;
			buildActionMask = 2147483647;
			files = (
				C17C9DF9258F38EE004ADF47 /* MemoryGame.swift in Sources */,
				C1398DE3258F323800FE14BF /* EmojiMemoryGameView.swift in Sources */,
				C1398DE1258F323800FE14BF /* memorize2App.swift in Sources */,
				C17C9DFC258F39B6004ADF47 /* EmojiMemoryGame.swift in Sources */,
			);
			runOnlyForDeploymentPostprocessing = 0;
		};
/* End PBXSourcesBuildPhase section */

/* Begin XCBuildConfiguration section */
		C1398DEA258F323C00FE14BF /* Debug */ = {
			isa = XCBuildConfiguration;
			buildSettings = {
				ALWAYS_SEARCH_USER_PATHS = NO;
				CLANG_ANALYZER_NONNULL = YES;
				CLANG_ANALYZER_NUMBER_OBJECT_CONVERSION = YES_AGGRESSIVE;
				CLANG_CXX_LANGUAGE_STANDARD = "gnu++14";
				CLANG_CXX_LIBRARY = "libc++";
				CLANG_ENABLE_MODULES = YES;
				CLANG_ENABLE_OBJC_ARC = YES;
				CLANG_ENABLE_OBJC_WEAK = YES;
				CLANG_WARN_BLOCK_CAPTURE_AUTORELEASING = YES;
				CLANG_WARN_BOOL_CONVERSION = YES;
				CLANG_WARN_COMMA = YES;
				CLANG_WARN_CONSTANT_CONVERSION = YES;
				CLANG_WARN_DEPRECATED_OBJC_IMPLEMENTATIONS = YES;
				CLANG_WARN_DIRECT_OBJC_ISA_USAGE = YES_ERROR;
				CLANG_WARN_DOCUMENTATION_COMMENTS = YES;
				CLANG_WARN_EMPTY_BODY = YES;
				CLANG_WARN_ENUM_CONVERSION = YES;
				CLANG_WARN_INFINITE_RECURSION = YES;
				CLANG_WARN_INT_CONVERSION = YES;
				CLANG_WARN_NON_LITERAL_NULL_CONVERSION = YES;
				CLANG_WARN_OBJC_IMPLICIT_RETAIN_SELF = YES;
				CLANG_WARN_OBJC_LITERAL_CONVERSION = YES;
				CLANG_WARN_OBJC_ROOT_CLASS = YES_ERROR;
				CLANG_WARN_QUOTED_INCLUDE_IN_FRAMEWORK_HEADER = YES;
				CLANG_WARN_RANGE_LOOP_ANALYSIS = YES;
				CLANG_WARN_STRICT_PROTOTYPES = YES;
				CLANG_WARN_SUSPICIOUS_MOVE = YES;
				CLANG_WARN_UNGUARDED_AVAILABILITY = YES_AGGRESSIVE;
				CLANG_WARN_UNREACHABLE_CODE = YES;
				CLANG_WARN__DUPLICATE_METHOD_MATCH = YES;
				COPY_PHASE_STRIP = NO;
				DEBUG_INFORMATION_FORMAT = dwarf;
				ENABLE_STRICT_OBJC_MSGSEND = YES;
				ENABLE_TESTABILITY = YES;
				GCC_C_LANGUAGE_STANDARD = gnu11;
				GCC_DYNAMIC_NO_PIC = NO;
				GCC_NO_COMMON_BLOCKS = YES;
				GCC_OPTIMIZATION_LEVEL = 0;
				GCC_PREPROCESSOR_DEFINITIONS = (
					"DEBUG=1",
					"$(inherited)",
				);
				GCC_WARN_64_TO_32_BIT_CONVERSION = YES;
				GCC_WARN_ABOUT_RETURN_TYPE = YES_ERROR;
				GCC_WARN_UNDECLARED_SELECTOR = YES;
				GCC_WARN_UNINITIALIZED_AUTOS = YES_AGGRESSIVE;
				GCC_WARN_UNUSED_FUNCTION = YES;
				GCC_WARN_UNUSED_VARIABLE = YES;
				IPHONEOS_DEPLOYMENT_TARGET = 14.3;
				MTL_ENABLE_DEBUG_INFO = INCLUDE_SOURCE;
				MTL_FAST_MATH = YES;
				ONLY_ACTIVE_ARCH = YES;
				SDKROOT = iphoneos;
				SWIFT_ACTIVE_COMPILATION_CONDITIONS = DEBUG;
				SWIFT_OPTIMIZATION_LEVEL = "-Onone";
			};
			name = Debug;
		};
		C1398DEB258F323C00FE14BF /* Release */ = {
			isa = XCBuildConfiguration;
			buildSettings = {
				ALWAYS_SEARCH_USER_PATHS = NO;
				CLANG_ANALYZER_NONNULL = YES;
				CLANG_ANALYZER_NUMBER_OBJECT_CONVERSION = YES_AGGRESSIVE;
				CLANG_CXX_LANGUAGE_STANDARD = "gnu++14";
				CLANG_CXX_LIBRARY = "libc++";
				CLANG_ENABLE_MODULES = YES;
				CLANG_ENABLE_OBJC_ARC = YES;
				CLANG_ENABLE_OBJC_WEAK = YES;
				CLANG_WARN_BLOCK_CAPTURE_AUTORELEASING = YES;
				CLANG_WARN_BOOL_CONVERSION = YES;
				CLANG_WARN_COMMA = YES;
				CLANG_WARN_CONSTANT_CONVERSION = YES;
				CLANG_WARN_DEPRECATED_OBJC_IMPLEMENTATIONS = YES;
				CLANG_WARN_DIRECT_OBJC_ISA_USAGE = YES_ERROR;
				CLANG_WARN_DOCUMENTATION_COMMENTS = YES;
				CLANG_WARN_EMPTY_BODY = YES;
				CLANG_WARN_ENUM_CONVERSION = YES;
				CLANG_WARN_INFINITE_RECURSION = YES;
				CLANG_WARN_INT_CONVERSION = YES;
				CLANG_WARN_NON_LITERAL_NULL_CONVERSION = YES;
				CLANG_WARN_OBJC_IMPLICIT_RETAIN_SELF = YES;
				CLANG_WARN_OBJC_LITERAL_CONVERSION = YES;
				CLANG_WARN_OBJC_ROOT_CLASS = YES_ERROR;
				CLANG_WARN_QUOTED_INCLUDE_IN_FRAMEWORK_HEADER = YES;
				CLANG_WARN_RANGE_LOOP_ANALYSIS = YES;
				CLANG_WARN_STRICT_PROTOTYPES = YES;
				CLANG_WARN_SUSPICIOUS_MOVE = YES;
				CLANG_WARN_UNGUARDED_AVAILABILITY = YES_AGGRESSIVE;
				CLANG_WARN_UNREACHABLE_CODE = YES;
				CLANG_WARN__DUPLICATE_METHOD_MATCH = YES;
				COPY_PHASE_STRIP = NO;
				DEBUG_INFORMATION_FORMAT = "dwarf-with-dsym";
				ENABLE_NS_ASSERTIONS = NO;
				ENABLE_STRICT_OBJC_MSGSEND = YES;
				GCC_C_LANGUAGE_STANDARD = gnu11;
				GCC_NO_COMMON_BLOCKS = YES;
				GCC_WARN_64_TO_32_BIT_CONVERSION = YES;
				GCC_WARN_ABOUT_RETURN_TYPE = YES_ERROR;
				GCC_WARN_UNDECLARED_SELECTOR = YES;
				GCC_WARN_UNINITIALIZED_AUTOS = YES_AGGRESSIVE;
				GCC_WARN_UNUSED_FUNCTION = YES;
				GCC_WARN_UNUSED_VARIABLE = YES;
				IPHONEOS_DEPLOYMENT_TARGET = 14.3;
				MTL_ENABLE_DEBUG_INFO = NO;
				MTL_FAST_MATH = YES;
				SDKROOT = iphoneos;
				SWIFT_COMPILATION_MODE = wholemodule;
				SWIFT_OPTIMIZATION_LEVEL = "-O";
				VALIDATE_PRODUCT = YES;
			};
			name = Release;
		};
		C1398DED258F323C00FE14BF /* Debug */ = {
			isa = XCBuildConfiguration;
			buildSettings = {
				ASSETCATALOG_COMPILER_APPICON_NAME = AppIcon;
				ASSETCATALOG_COMPILER_GLOBAL_ACCENT_COLOR_NAME = AccentColor;
				CODE_SIGN_STYLE = Automatic;
				DEVELOPMENT_ASSET_PATHS = "\"memorize2/Preview Content\"";
				DEVELOPMENT_TEAM = V4J98S8L7Z;
				ENABLE_PREVIEWS = YES;
				INFOPLIST_FILE = memorize2/Info.plist;
				IPHONEOS_DEPLOYMENT_TARGET = 14.0;
				LD_RUNPATH_SEARCH_PATHS = (
					"$(inherited)",
					"@executable_path/Frameworks",
				);
				PRODUCT_BUNDLE_IDENTIFIER = com.google.thme808.memorize2;
				PRODUCT_NAME = "$(TARGET_NAME)";
				SWIFT_VERSION = 5.0;
				TARGETED_DEVICE_FAMILY = "1,2";
			};
			name = Debug;
		};
		C1398DEE258F323C00FE14BF /* Release */ = {
			isa = XCBuildConfiguration;
			buildSettings = {
				ASSETCATALOG_COMPILER_APPICON_NAME = AppIcon;
				ASSETCATALOG_COMPILER_GLOBAL_ACCENT_COLOR_NAME = AccentColor;
				CODE_SIGN_STYLE = Automatic;
				DEVELOPMENT_ASSET_PATHS = "\"memorize2/Preview Content\"";
				DEVELOPMENT_TEAM = V4J98S8L7Z;
				ENABLE_PREVIEWS = YES;
				INFOPLIST_FILE = memorize2/Info.plist;
				IPHONEOS_DEPLOYMENT_TARGET = 14.0;
				LD_RUNPATH_SEARCH_PATHS = (
					"$(inherited)",
					"@executable_path/Frameworks",
				);
				PRODUCT_BUNDLE_IDENTIFIER = com.google.thme808.memorize2;
				PRODUCT_NAME = "$(TARGET_NAME)";
				SWIFT_VERSION = 5.0;
				TARGETED_DEVICE_FAMILY = "1,2";
			};
			name = Release;
		};
/* End XCBuildConfiguration section */

/* Begin XCConfigurationList section */
		C1398DD8258F323800FE14BF /* Build configuration list for PBXProject "memorize2" */ = {
			isa = XCConfigurationList;
			buildConfigurations = (
				C1398DEA258F323C00FE14BF /* Debug */,
				C1398DEB258F323C00FE14BF /* Release */,
			);
			defaultConfigurationIsVisible = 0;
			defaultConfigurationName = Release;
		};
		C1398DEC258F323C00FE14BF /* Build configuration list for PBXNativeTarget "memorize2" */ = {
			isa = XCConfigurationList;
			buildConfigurations = (
				C1398DED258F323C00FE14BF /* Debug */,
				C1398DEE258F323C00FE14BF /* Release */,
			);
			defaultConfigurationIsVisible = 0;
			defaultConfigurationName = Release;
		};
/* End XCConfigurationList section */
	};
	rootObject = C1398DD5258F323800FE14BF /* Project object */;
}
